
Microsoft Visual Studio Solution File, Format Version 12.00
# Visual Studio Version 16
VisualStudioVersion = 16.0.30907.101
MinimumVisualStudioVersion = 10.0.40219.1
Project("{FAE04EC0-301F-11D3-BF4B-00C04F79EFBC}") = "CafeApp", "CafeApp\CafeApp.csproj", "{FDF0C7A9-DA0F-4915-8EC4-7A9A8D81BCE6}"
EndProject
Global
	GlobalSection(SolutionConfigurationPlatforms) = preSolution
		Debug|Any CPU = Debug|Any CPU
		Release|Any CPU = Release|Any CPU
	EndGlobalSection
	GlobalSection(ProjectConfigurationPlatforms) = postSolution
		{FDF0C7A9-DA0F-4915-8EC4-7A9A8D81BCE6}.Debug|Any CPU.ActiveCfg = Debug|Any CPU
		{FDF0C7A9-DA0F-4915-8EC4-7A9A8D81BCE6}.Debug|Any CPU.Build.0 = Debug|Any CPU
		{FDF0C7A9-DA0F-4915-8EC4-7A9A8D81BCE6}.Release|Any CPU.ActiveCfg = Release|Any CPU
		{FDF0C7A9-DA0F-4915-8EC4-7A9A8D81BCE6}.Release|Any CPU.Build.0 = Release|Any CPU
	EndGlobalSection
	GlobalSection(SolutionProperties) = preSolution
		HideSolutionNode = FALSE
	EndGlobalSection
	GlobalSection(ExtensibilityGlobals) = postSolution
		SolutionGuid = {078E8A8F-CEDE-4A4D-9855-C148E4C0499E}
	EndGlobalSection
EndGlobal
